
Microsoft Visual Studio Solution File, Format Version 12.00
# Visual Studio 2013
VisualStudioVersion = 12.0.21005.1
MinimumVisualStudioVersion = 10.0.40219.1
Project("{FAE04EC0-301F-11D3-BF4B-00C04F79EFBC}") = "OfTheDay_webservice", "OfTheDay_webservice\OfTheDay_webservice.csproj", "{C0385608-CD2C-45FA-AB3E-C2AE663B17BF}"
EndProject
Project("{FAE04EC0-301F-11D3-BF4B-00C04F79EFBC}") = "OfTheDay_webservice.Tests", "OfTheDay_webservice.Tests\OfTheDay_webservice.Tests.csproj", "{A4CD4927-045D-4DE1-85AC-AB41FF802DF4}"
EndProject
Global
	GlobalSection(SolutionConfigurationPlatforms) = preSolution
		Debug|Any CPU = Debug|Any CPU
		Release|Any CPU = Release|Any CPU
	EndGlobalSection
	GlobalSection(ProjectConfigurationPlatforms) = postSolution
		{C0385608-CD2C-45FA-AB3E-C2AE663B17BF}.Debug|Any CPU.ActiveCfg = Debug|Any CPU
		{C0385608-CD2C-45FA-AB3E-C2AE663B17BF}.Debug|Any CPU.Build.0 = Debug|Any CPU
		{C0385608-CD2C-45FA-AB3E-C2AE663B17BF}.Release|Any CPU.ActiveCfg = Release|Any CPU
		{C0385608-CD2C-45FA-AB3E-C2AE663B17BF}.Release|Any CPU.Build.0 = Release|Any CPU
		{A4CD4927-045D-4DE1-85AC-AB41FF802DF4}.Debug|Any CPU.ActiveCfg = Debug|Any CPU
		{A4CD4927-045D-4DE1-85AC-AB41FF802DF4}.Debug|Any CPU.Build.0 = Debug|Any CPU
		{A4CD4927-045D-4DE1-85AC-AB41FF802DF4}.Release|Any CPU.ActiveCfg = Release|Any CPU
		{A4CD4927-045D-4DE1-85AC-AB41FF802DF4}.Release|Any CPU.Build.0 = Release|Any CPU
	EndGlobalSection
	GlobalSection(SolutionProperties) = preSolution
		HideSolutionNode = FALSE
	EndGlobalSection
EndGlobal
